// !$*UTF8*$!
{
	archiveVersion = 1;
	classes = {
	};
	objectVersion = 55;
	objects = {

/* Begin PBXAggregateTarget section */
		D59C6762EACB4D25A7CA4062 /* Bazel Dependencies */ = {
			isa = PBXAggregateTarget;
			buildConfigurationList = D71AA7089336E289281C51EA /* Build configuration list for PBXAggregateTarget "Bazel Dependencies" */;
			buildPhases = (
				0EE03EA1E33F6C17ADB1ADC3 /* Generate Files */,
				5AE0B9BCE26D9088979FA32A /* Copy Files */,
				9A99C51100C22B1D40913013 /* Fix Info.plists */,
			);
			dependencies = (
			);
			name = "Bazel Dependencies";
			productName = "Bazel Dependencies";
		};
/* End PBXAggregateTarget section */

/* Begin PBXBuildFile section */
		0120579DFA5F6F193BECD738 /* Assets.xcassets in Resources */ = {isa = PBXBuildFile; fileRef = ED35517F2F7A94B69875140A /* Assets.xcassets */; };
		AED84968A884169FA61AB6A0 /* RandomQuoteApp.swift in Sources */ = {isa = PBXBuildFile; fileRef = 542E320CBAB2C9E4ED804F25 /* RandomQuoteApp.swift */; };
		EF324E5C51ADA140DBA371A2 /* ContentView.swift in Sources */ = {isa = PBXBuildFile; fileRef = DBA755FA3C1381A52B3063F5 /* ContentView.swift */; };
/* End PBXBuildFile section */

/* Begin PBXContainerItemProxy section */
		9F3E4887AC0462C4A88FC8CC /* PBXContainerItemProxy */ = {
			isa = PBXContainerItemProxy;
			containerPortal = 4B597DC35F58CB6510FCA4E1 /* Project object */;
			proxyType = 1;
			remoteGlobalIDString = D59C6762EACB4D25A7CA4062;
			remoteInfo = "Bazel Dependencies";
		};
/* End PBXContainerItemProxy section */

/* Begin PBXFileReference section */
		542E320CBAB2C9E4ED804F25 /* RandomQuoteApp.swift */ = {isa = PBXFileReference; lastKnownFileType = sourcecode.swift; path = RandomQuoteApp.swift; sourceTree = "<group>"; };
		6B636E050F96059B19B49B2F /* BUILD */ = {isa = PBXFileReference; explicitFileType = text.script.python; path = BUILD; sourceTree = "<group>"; };
		7A4FE735B2F6C6819943E0EC /* iosapp.app */ = {isa = PBXFileReference; explicitFileType = wrapper.application; includeInIndex = 0; path = iosapp.app; sourceTree = BUILT_PRODUCTS_DIR; };
		A4F5809D3305DB2F98B50D6C /* Info.plist */ = {isa = PBXFileReference; lastKnownFileType = text.plist; path = Info.plist; sourceTree = "<group>"; };
		DBA755FA3C1381A52B3063F5 /* ContentView.swift */ = {isa = PBXFileReference; lastKnownFileType = sourcecode.swift; path = ContentView.swift; sourceTree = "<group>"; };
		DCDF1D26217DFB91ECE9B7F1 /* Info.plist */ = {isa = PBXFileReference; lastKnownFileType = text.plist; path = Info.plist; sourceTree = "<group>"; };
		ED35517F2F7A94B69875140A /* Assets.xcassets */ = {isa = PBXFileReference; lastKnownFileType = folder.assetcatalog; path = Assets.xcassets; sourceTree = "<group>"; };
/* End PBXFileReference section */

/* Begin PBXGroup section */
		0C6EFCFAD5A278444AADA668 /* iosapp-intermediates */ = {
			isa = PBXGroup;
			children = (
				DCDF1D26217DFB91ECE9B7F1 /* Info.plist */,
			);
			path = "iosapp-intermediates";
			sourceTree = "<group>";
		};
		281F361EB5F88497CF070B03 /* RandomQuote */ = {
			isa = PBXGroup;
			children = (
				A7C890B6ED3437CFA52EACEA /* App */,
				BA4D1F10993D93B6EDAE9486 /* Sources */,
			);
			path = RandomQuote;
			sourceTree = "<group>";
		};
		324D2C4D7BDD87585B29B482 /* ios-random-quote */ = {
			isa = PBXGroup;
			children = (
				0C6EFCFAD5A278444AADA668 /* iosapp-intermediates */,
			);
			path = "ios-random-quote";
			sourceTree = "<group>";
		};
		7A865888BA7366E6AF327B16 /* bin */ = {
			isa = PBXGroup;
			children = (
				324D2C4D7BDD87585B29B482 /* ios-random-quote */,
			);
			path = bin;
			sourceTree = "<group>";
		};
		8DF0DF0248EEE80F69DD201A /* Products */ = {
			isa = PBXGroup;
			children = (
				7A4FE735B2F6C6819943E0EC /* iosapp.app */,
			);
			name = Products;
			sourceTree = "<group>";
		};
		9839737C2B1BE9192B389C48 = {
			isa = PBXGroup;
			children = (
				D470E7FA081C3CB84FA6D4ED /* ios-random-quote */,
				DA075A60A4191C574A572F63 /* Bazel Generated Files */,
				8DF0DF0248EEE80F69DD201A /* Products */,
				9B91B0C0A79A9AE37C0E8B78 /* Frameworks */,
			);
			sourceTree = "<group>";
		};
		9B91B0C0A79A9AE37C0E8B78 /* Frameworks */ = {
			isa = PBXGroup;
			children = (
			);
			name = Frameworks;
			sourceTree = "<group>";
		};
		A4AE1751A9A9EA41697A8D47 /* applebin_ios-ios_sim_arm64-fastbuild-ST-7695383dd80d */ = {
			isa = PBXGroup;
			children = (
				7A865888BA7366E6AF327B16 /* bin */,
			);
			path = "applebin_ios-ios_sim_arm64-fastbuild-ST-7695383dd80d";
			sourceTree = "<group>";
		};
		A7C890B6ED3437CFA52EACEA /* App */ = {
			isa = PBXGroup;
			children = (
				ED35517F2F7A94B69875140A /* Assets.xcassets */,
				A4F5809D3305DB2F98B50D6C /* Info.plist */,
			);
			path = App;
			sourceTree = "<group>";
		};
		BA4D1F10993D93B6EDAE9486 /* Sources */ = {
			isa = PBXGroup;
			children = (
				DBA755FA3C1381A52B3063F5 /* ContentView.swift */,
				542E320CBAB2C9E4ED804F25 /* RandomQuoteApp.swift */,
			);
			path = Sources;
			sourceTree = "<group>";
		};
		D470E7FA081C3CB84FA6D4ED /* ios-random-quote */ = {
			isa = PBXGroup;
			children = (
				281F361EB5F88497CF070B03 /* RandomQuote */,
				6B636E050F96059B19B49B2F /* BUILD */,
			);
			path = "ios-random-quote";
			sourceTree = "<group>";
		};
		DA075A60A4191C574A572F63 /* Bazel Generated Files */ = {
			isa = PBXGroup;
			children = (
				A4AE1751A9A9EA41697A8D47 /* applebin_ios-ios_sim_arm64-fastbuild-ST-7695383dd80d */,
			);
			name = "Bazel Generated Files";
			path = "ios-random-quote/RandomQuote.xcodeproj/rules_xcodeproj/links/gen_dir";
			sourceTree = "<group>";
		};
/* End PBXGroup section */

/* Begin PBXNativeTarget section */
		C871625FBF1851B9ED8F6EDD /* iosapp */ = {
			isa = PBXNativeTarget;
			buildConfigurationList = 7818838C2708144601D0A2F7 /* Build configuration list for PBXNativeTarget "iosapp" */;
			buildPhases = (
				3B57D26F97EC1C358A2C0A9B /* Sources */,
				20B4E92AB05EA02C15A43B78 /* Resources */,
			);
			buildRules = (
			);
			dependencies = (
				39089A6474C81D33DFE66F69 /* PBXTargetDependency */,
			);
			name = iosapp;
			productName = iosapp;
			productReference = 7A4FE735B2F6C6819943E0EC /* iosapp.app */;
			productType = "com.apple.product-type.application";
		};
/* End PBXNativeTarget section */

/* Begin PBXProject section */
		4B597DC35F58CB6510FCA4E1 /* Project object */ = {
			isa = PBXProject;
			attributes = {
				BuildIndependentTargetsInParallel = 1;
				LastSwiftUpdateCheck = 1320;
				LastUpgradeCheck = 1320;
				TargetAttributes = {
					C871625FBF1851B9ED8F6EDD = {
						CreatedOnToolsVersion = 13.2.1;
						LastSwiftMigration = 1320;
					};
					D59C6762EACB4D25A7CA4062 = {
						CreatedOnToolsVersion = 13.2.1;
					};
				};
			};
			buildConfigurationList = 079F63F72A1398D3E5C41C46 /* Build configuration list for PBXProject "RandomQuote" */;
			compatibilityVersion = "Xcode 13.0";
			developmentRegion = en;
			hasScannedForEncodings = 0;
			knownRegions = (
				en,
				Base,
			);
			mainGroup = 9839737C2B1BE9192B389C48;
			productRefGroup = 8DF0DF0248EEE80F69DD201A /* Products */;
			projectDirPath = ..;
			projectRoot = "";
			targets = (
				D59C6762EACB4D25A7CA4062 /* Bazel Dependencies */,
				C871625FBF1851B9ED8F6EDD /* iosapp */,
			);
		};
/* End PBXProject section */

/* Begin PBXResourcesBuildPhase section */
		20B4E92AB05EA02C15A43B78 /* Resources */ = {
			isa = PBXResourcesBuildPhase;
			buildActionMask = 2147483647;
			files = (
				0120579DFA5F6F193BECD738 /* Assets.xcassets in Resources */,
			);
			runOnlyForDeploymentPostprocessing = 0;
		};
/* End PBXResourcesBuildPhase section */

/* Begin PBXShellScriptBuildPhase section */
		0EE03EA1E33F6C17ADB1ADC3 /* Generate Files */ = {
			isa = PBXShellScriptBuildPhase;
			alwaysOutOfDate = 1;
			buildActionMask = 2147483647;
			files = (
			);
			inputPaths = (
			);
			name = "Generate Files";
			outputFileListPaths = (
				"$(INTERNAL_DIR)/generated.xcfilelist",
			);
			outputPaths = (
			);
			runOnlyForDeploymentPostprocessing = 0;
			shellPath = /bin/sh;
			shellScript = "set -eu\n\nif [ \"$ACTION\" == \"indexbuild\" ]; then\n  # We use a different output base for Index Build to prevent normal builds and\n  # indexing waiting on bazel locks from the other\n  output_base=\"$OBJROOT/bazel_output_base\"\nfi\n\noutput_path=$(env -i \\\n  DEVELOPER_DIR=\"$DEVELOPER_DIR\" \\\n  HOME=\"$HOME\" \\\n  PATH=\"${PATH//\\/usr\\/local\\/bin//opt/homebrew/bin:/usr/local/bin}\" \\\n  USER=\"$USER\" \\\n  \"$BAZEL_PATH\" \\\n  ${output_base:+--output_base \"$output_base\"} \\\n  info \\\n  --experimental_convenience_symlinks=ignore \\\n  output_path)\nexternal=\"${output_path%/*/*/*}/external\"\n\n# We only want to modify `$LINKS_DIR` during normal builds since Indexing can\n# run concurrent to normal builds\nif [ \"$ACTION\" != \"indexbuild\" ]; then\n  mkdir -p \"$LINKS_DIR\"\n  cd \"$LINKS_DIR\"\n\n  # Add BUILD and DONT_FOLLOW_SYMLINKS_WHEN_TRAVERSING_THIS_DIRECTORY_VIA_A_RECURSIVE_TARGET_PATTERN\n  # files to the internal links directory to prevent Bazel from recursing into\n  # it, and thus following the `external` symlink\n  touch BUILD\n  touch DONT_FOLLOW_SYMLINKS_WHEN_TRAVERSING_THIS_DIRECTORY_VIA_A_RECURSIVE_TARGET_PATTERN\n\n  # Need to remove the directories that Xcode creates as part of output prep\n  rm -rf external\n  rm -rf gen_dir\n\n  ln -sf \"$external\" external\n  ln -sf \"$BUILD_DIR/bazel-out\" gen_dir\nfi\n\ncd \"$BUILD_DIR\"\n\nrm -rf external\nrm -rf real-bazel-out\n\nln -sf \"$external\" external\nln -sf \"$output_path\" real-bazel-out\nln -sfn \"$PROJECT_DIR\" SRCROOT\n\n# Create parent directories of generated files, so the project navigator works\n# better faster\n\nmkdir -p bazel-out\ncd bazel-out\n\nsed 's|\\/[^\\/]*$||' \\\n  \"$INTERNAL_DIR/generated.rsynclist\" \\\n  | uniq \\\n  | while IFS= read -r dir\ndo\n  mkdir -p \"$dir\"\ndone\n\ncd \"$SRCROOT\"\n\ndate +%s > \"$INTERNAL_DIR/toplevel_cache_buster\"\n\nenv -i \\\n  DEVELOPER_DIR=\"$DEVELOPER_DIR\" \\\n  HOME=\"$HOME\" \\\n  PATH=\"${PATH//\\/usr\\/local\\/bin//opt/homebrew/bin:/usr/local/bin}\" \\\n  USER=\"$USER\" \\\n  \"$BAZEL_PATH\" \\\n  ${output_base:+--output_base \"$output_base\"} \\\n  build \\\n  --experimental_convenience_symlinks=ignore \\\n  --output_groups=generated_inputs \\\n  //ios-random-quote:xcodeproj\n";
			showEnvVarsInLog = 0;
		};
		5AE0B9BCE26D9088979FA32A /* Copy Files */ = {
			isa = PBXShellScriptBuildPhase;
			buildActionMask = 2147483647;
			files = (
			);
			inputFileListPaths = (
				"$(INTERNAL_DIR)/generated.xcfilelist",
			);
			inputPaths = (
			);
			name = "Copy Files";
			outputFileListPaths = (
				"$(INTERNAL_DIR)/generated.copied.xcfilelist",
			);
			outputPaths = (
			);
			runOnlyForDeploymentPostprocessing = 0;
			shellPath = /bin/sh;
			shellScript = "set -eu\n\ncd \"$BAZEL_OUT\"\n\n# Sync to \"$BUILD_DIR/bazel-out\". This is the same as \"$GEN_DIR\" for normal\n# builds, but is different for Index Builds. `PBXBuildFile`s will use the\n# \"$GEN_DIR\" version, so indexing might get messed up until they are normally\n# generated. It's the best we can do though as we need to use the `gen_dir`\n# symlink.\nrsync \\\n  --files-from \"$INTERNAL_DIR/generated.rsynclist\" \\\n  --chmod=u+w \\\n  -L \\\n  . \\\n  \"$BUILD_DIR/bazel-out\"\n";
			showEnvVarsInLog = 0;
		};
		9A99C51100C22B1D40913013 /* Fix Info.plists */ = {
			isa = PBXShellScriptBuildPhase;
			buildActionMask = 2147483647;
			files = (
			);
			inputFileListPaths = (
				"$(INTERNAL_DIR)/infoplists.xcfilelist",
			);
			inputPaths = (
			);
			name = "Fix Info.plists";
			outputFileListPaths = (
				"$(INTERNAL_DIR)/infoplists.fixed.xcfilelist",
			);
			outputPaths = (
			);
			runOnlyForDeploymentPostprocessing = 0;
			shellPath = /bin/sh;
			shellScript = "set -eu\n\nwhile IFS= read -r input; do\n  output=\"${input%.plist}.xcode.plist\"\n  cp \"$input\" \"$output\"\n  plutil -remove UIDeviceFamily \"$output\" || true\ndone < \"$SCRIPT_INPUT_FILE_LIST_0\"\n";
			showEnvVarsInLog = 0;
		};
/* End PBXShellScriptBuildPhase section */

/* Begin PBXSourcesBuildPhase section */
		3B57D26F97EC1C358A2C0A9B /* Sources */ = {
			isa = PBXSourcesBuildPhase;
			buildActionMask = 2147483647;
			files = (
				EF324E5C51ADA140DBA371A2 /* ContentView.swift in Sources */,
				AED84968A884169FA61AB6A0 /* RandomQuoteApp.swift in Sources */,
			);
			runOnlyForDeploymentPostprocessing = 0;
		};
/* End PBXSourcesBuildPhase section */

/* Begin PBXTargetDependency section */
		39089A6474C81D33DFE66F69 /* PBXTargetDependency */ = {
			isa = PBXTargetDependency;
			name = "Bazel Dependencies";
			target = D59C6762EACB4D25A7CA4062 /* Bazel Dependencies */;
			targetProxy = 9F3E4887AC0462C4A88FC8CC /* PBXContainerItemProxy */;
		};
/* End PBXTargetDependency section */

/* Begin XCBuildConfiguration section */
		19DC343E985FEF24A20FBF80 /* Debug */ = {
			isa = XCBuildConfiguration;
			buildSettings = {
				ARCHS = arm64;
				BAZEL_PACKAGE_BIN_DIR = "bazel-out/ios-sim_arm64-min14.0-applebin_ios-ios_sim_arm64-fastbuild-ST-7695383dd80d/bin/ios-random-quote";
				CLANG_CXX_LANGUAGE_STANDARD = "c++0x";
				DEBUG_INFORMATION_FORMAT = dwarf;
				ENABLE_BITCODE = NO;
				ENABLE_TESTABILITY = YES;
				GCC_PREPROCESSOR_DEFINITIONS = (
					"_FORTIFY_SOURCE=1",
					DEBUG,
					"__DATE__=\"redacted\"",
					"__TIMESTAMP__=\"redacted\"",
					"__TIME__=\"redacted\"",
				);
				INFOPLIST_FILE = "$(BUILD_DIR)/bazel-out/applebin_ios-ios_sim_arm64-fastbuild-ST-7695383dd80d/bin/ios-random-quote/iosapp-intermediates/Info.xcode.plist";
				IPHONEOS_DEPLOYMENT_TARGET = 14.0;
				LD_RUNPATH_SEARCH_PATHS = (
					"$(inherited)",
					"@executable_path/Frameworks",
				);
				OTHER_CFLAGS = (
					"-fstack-protector",
					"-Wall",
					"-Wthread-safety",
					"-Wself-assign",
					"-fno-omit-frame-pointer",
					"-no-canonical-prefixes",
					"-pthread",
					"-no-canonical-prefixes",
					"-Wno-builtin-macro-redefined",
				);
				OTHER_CPLUSPLUSFLAGS = (
					"-fstack-protector",
					"-Wall",
					"-Wthread-safety",
					"-Wself-assign",
					"-fno-omit-frame-pointer",
					"-no-canonical-prefixes",
					"-pthread",
					"-no-canonical-prefixes",
					"-Wno-builtin-macro-redefined",
				);
				OTHER_LDFLAGS = "-ObjC";
				OTHER_SWIFT_FLAGS = "-Xcc -fstack-protector -Xcc -Wall -Xcc -Wthread-safety -Xcc -Wself-assign -Xcc -fno-omit-frame-pointer -Xcc -no-canonical-prefixes -Xcc -pthread -Xcc -no-canonical-prefixes -Xcc -Wno-builtin-macro-redefined";
				PRODUCT_BUNDLE_IDENTIFIER = com.febatis.randomquote;
				PRODUCT_MODULE_NAME = RandomQuote;
				PRODUCT_NAME = iosapp;
				SDKROOT = iphoneos;
				SUPPORTED_PLATFORMS = iphonesimulator;
				SWIFT_ACTIVE_COMPILATION_CONDITIONS = DEBUG;
				SWIFT_OBJC_INTERFACE_HEADER_NAME = "";
				SWIFT_OPTIMIZATION_LEVEL = "-Onone";
				SWIFT_VERSION = 5;
				TARGETED_DEVICE_FAMILY = "1,2";
				TARGET_NAME = iosapp;
			};
			name = Debug;
		};
		AC4966E969C8821F87129940 /* Debug */ = {
			isa = XCBuildConfiguration;
			buildSettings = {
				ALWAYS_SEARCH_USER_PATHS = NO;
				BAZEL_EXTERNAL = "$(LINKS_DIR)/external";
				BAZEL_OUT = "$(BUILD_DIR)/real-bazel-out";
				BAZEL_PATH = bazel;
				CLANG_ENABLE_OBJC_ARC = YES;
				CLANG_MODULES_AUTOLINK = NO;
				CONFIGURATION_BUILD_DIR = "$(BUILD_DIR)/$(BAZEL_PACKAGE_BIN_DIR)";
				COPY_PHASE_STRIP = NO;
				GEN_DIR = "$(LINKS_DIR)/gen_dir";
				INTERNAL_DIR = "$(PROJECT_FILE_PATH)/rules_xcodeproj";
				LINKS_DIR = "$(INTERNAL_DIR)/links";
				ONLY_ACTIVE_ARCH = YES;
				TARGET_TEMP_DIR = "$(PROJECT_TEMP_DIR)/$(BAZEL_PACKAGE_BIN_DIR)/$(TARGET_NAME)";
				USE_HEADERMAP = NO;
				VALIDATE_WORKSPACE = NO;
			};
			name = Debug;
		};
		BA76F850AC31E1009289FB41 /* Debug */ = {
			isa = XCBuildConfiguration;
			buildSettings = {
				ALLOW_TARGET_PLATFORM_SPECIALIZATION = YES;
				BAZEL_PACKAGE_BIN_DIR = rules_xcodeproj;
				INDEX_FORCE_SCRIPT_EXECUTION = YES;
				SUPPORTED_PLATFORMS = "watchsimulator watchos macosx iphonesimulator iphoneos driverkit appletvsimulator appletvos";
				SUPPORTS_MACCATALYST = YES;
				TARGET_NAME = BazelDependencies;
			};
			name = Debug;
		};
/* End XCBuildConfiguration section */

/* Begin XCConfigurationList section */
		079F63F72A1398D3E5C41C46 /* Build configuration list for PBXProject "RandomQuote" */ = {
			isa = XCConfigurationList;
			buildConfigurations = (
				AC4966E969C8821F87129940 /* Debug */,
			);
			defaultConfigurationIsVisible = 0;
			defaultConfigurationName = Debug;
		};
		7818838C2708144601D0A2F7 /* Build configuration list for PBXNativeTarget "iosapp" */ = {
			isa = XCConfigurationList;
			buildConfigurations = (
				19DC343E985FEF24A20FBF80 /* Debug */,
			);
			defaultConfigurationIsVisible = 0;
			defaultConfigurationName = Debug;
		};
		D71AA7089336E289281C51EA /* Build configuration list for PBXAggregateTarget "Bazel Dependencies" */ = {
			isa = XCConfigurationList;
			buildConfigurations = (
				BA76F850AC31E1009289FB41 /* Debug */,
			);
			defaultConfigurationIsVisible = 0;
			defaultConfigurationName = Debug;
		};
/* End XCConfigurationList section */
	};
	rootObject = 4B597DC35F58CB6510FCA4E1 /* Project object */;
}
